// !$*UTF8*$!
{
	archiveVersion = 1;
	classes = {
	};
	objectVersion = 46;
	objects = {

/* Begin PBXBuildFile section */
		C8F4464618699F1F00F4F784 /* Cocoa.framework in Frameworks */ = {isa = PBXBuildFile; fileRef = C8F4464518699F1F00F4F784 /* Cocoa.framework */; };
		C8F4465018699F1F00F4F784 /* InfoPlist.strings in Resources */ = {isa = PBXBuildFile; fileRef = C8F4464E18699F1F00F4F784 /* InfoPlist.strings */; };
		C8F4465218699F1F00F4F784 /* main.m in Sources */ = {isa = PBXBuildFile; fileRef = C8F4465118699F1F00F4F784 /* main.m */; };
		C8F4465618699F1F00F4F784 /* Credits.rtf in Resources */ = {isa = PBXBuildFile; fileRef = C8F4465418699F1F00F4F784 /* Credits.rtf */; };
		C8F4465918699F1F00F4F784 /* AppDelegate.m in Sources */ = {isa = PBXBuildFile; fileRef = C8F4465818699F1F00F4F784 /* AppDelegate.m */; };
		C8F4465C18699F1F00F4F784 /* MainMenu.xib in Resources */ = {isa = PBXBuildFile; fileRef = C8F4465A18699F1F00F4F784 /* MainMenu.xib */; };
		C8F4465E18699F1F00F4F784 /* Images.xcassets in Resources */ = {isa = PBXBuildFile; fileRef = C8F4465D18699F1F00F4F784 /* Images.xcassets */; };
		C8F4466518699F1F00F4F784 /* XCTest.framework in Frameworks */ = {isa = PBXBuildFile; fileRef = C8F4466418699F1F00F4F784 /* XCTest.framework */; };
		C8F4466618699F1F00F4F784 /* Cocoa.framework in Frameworks */ = {isa = PBXBuildFile; fileRef = C8F4464518699F1F00F4F784 /* Cocoa.framework */; };
		C8F4466E18699F2000F4F784 /* InfoPlist.strings in Resources */ = {isa = PBXBuildFile; fileRef = C8F4466C18699F2000F4F784 /* InfoPlist.strings */; };
		C8F4467018699F2000F4F784 /* testTests.m in Sources */ = {isa = PBXBuildFile; fileRef = C8F4466F18699F2000F4F784 /* testTests.m */; };
/* End PBXBuildFile section */

/* Begin PBXContainerItemProxy section */
		C8F4466718699F2000F4F784 /* PBXContainerItemProxy */ = {
			isa = PBXContainerItemProxy;
			containerPortal = C8F4463A18699F1F00F4F784 /* Project object */;
			proxyType = 1;
			remoteGlobalIDString = C8F4464118699F1F00F4F784;
			remoteInfo = test;
		};
/* End PBXContainerItemProxy section */

/* Begin PBXFileReference section */
		C8F4464218699F1F00F4F784 /* test.app */ = {isa = PBXFileReference; explicitFileType = wrapper.application; includeInIndex = 0; path = test.app; sourceTree = BUILT_PRODUCTS_DIR; };
		C8F4464518699F1F00F4F784 /* Cocoa.framework */ = {isa = PBXFileReference; lastKnownFileType = wrapper.framework; name = Cocoa.framework; path = System/Library/Frameworks/Cocoa.framework; sourceTree = SDKROOT; };
		C8F4464818699F1F00F4F784 /* AppKit.framework */ = {isa = PBXFileReference; lastKnownFileType = wrapper.framework; name = AppKit.framework; path = System/Library/Frameworks/AppKit.framework; sourceTree = SDKROOT; };
		C8F4464918699F1F00F4F784 /* CoreData.framework */ = {isa = PBXFileReference; lastKnownFileType = wrapper.framework; name = CoreData.framework; path = System/Library/Frameworks/CoreData.framework; sourceTree = SDKROOT; };
		C8F4464A18699F1F00F4F784 /* Foundation.framework */ = {isa = PBXFileReference; lastKnownFileType = wrapper.framework; name = Foundation.framework; path = System/Library/Frameworks/Foundation.framework; sourceTree = SDKROOT; };
		C8F4464D18699F1F00F4F784 /* test-Info.plist */ = {isa = PBXFileReference; lastKnownFileType = text.plist.xml; path = "test-Info.plist"; sourceTree = "<group>"; };
		C8F4464F18699F1F00F4F784 /* en */ = {isa = PBXFileReference; lastKnownFileType = text.plist.strings; name = en; path = en.lproj/InfoPlist.strings; sourceTree = "<group>"; };
		C8F4465118699F1F00F4F784 /* main.m */ = {isa = PBXFileReference; lastKnownFileType = sourcecode.c.objc; path = main.m; sourceTree = "<group>"; };
		C8F4465318699F1F00F4F784 /* test-Prefix.pch */ = {isa = PBXFileReference; lastKnownFileType = sourcecode.c.h; path = "test-Prefix.pch"; sourceTree = "<group>"; };
		C8F4465518699F1F00F4F784 /* en */ = {isa = PBXFileReference; lastKnownFileType = text.rtf; name = en; path = en.lproj/Credits.rtf; sourceTree = "<group>"; };
		C8F4465718699F1F00F4F784 /* AppDelegate.h */ = {isa = PBXFileReference; lastKnownFileType = sourcecode.c.h; path = AppDelegate.h; sourceTree = "<group>"; };
		C8F4465818699F1F00F4F784 /* AppDelegate.m */ = {isa = PBXFileReference; lastKnownFileType = sourcecode.c.objc; path = AppDelegate.m; sourceTree = "<group>"; };
		C8F4465B18699F1F00F4F784 /* Base */ = {isa = PBXFileReference; lastKnownFileType = file.xib; name = Base; path = Base.lproj/MainMenu.xib; sourceTree = "<group>"; };
		C8F4465D18699F1F00F4F784 /* Images.xcassets */ = {isa = PBXFileReference; lastKnownFileType = folder.assetcatalog; path = Images.xcassets; sourceTree = "<group>"; };
		C8F4466318699F1F00F4F784 /* testTests.xctest */ = {isa = PBXFileReference; explicitFileType = wrapper.cfbundle; includeInIndex = 0; path = testTests.xctest; sourceTree = BUILT_PRODUCTS_DIR; };
		C8F4466418699F1F00F4F784 /* XCTest.framework */ = {isa = PBXFileReference; lastKnownFileType = wrapper.framework; name = XCTest.framework; path = Library/Frameworks/XCTest.framework; sourceTree = DEVELOPER_DIR; };
		C8F4466B18699F2000F4F784 /* testTests-Info.plist */ = {isa = PBXFileReference; lastKnownFileType = text.plist.xml; path = "testTests-Info.plist"; sourceTree = "<group>"; };
		C8F4466D18699F2000F4F784 /* en */ = {isa = PBXFileReference; lastKnownFileType = text.plist.strings; name = en; path = en.lproj/InfoPlist.strings; sourceTree = "<group>"; };
		C8F4466F18699F2000F4F784 /* testTests.m */ = {isa = PBXFileReference; lastKnownFileType = sourcecode.c.objc; path = testTests.m; sourceTree = "<group>"; };
/* End PBXFileReference section */

/* Begin PBXFrameworksBuildPhase section */
		C8F4463F18699F1F00F4F784 /* Frameworks */ = {
			isa = PBXFrameworksBuildPhase;
			buildActionMask = 2147483647;
			files = (
				C8F4464618699F1F00F4F784 /* Cocoa.framework in Frameworks */,
			);
			runOnlyForDeploymentPostprocessing = 0;
		};
		C8F4466018699F1F00F4F784 /* Frameworks */ = {
			isa = PBXFrameworksBuildPhase;
			buildActionMask = 2147483647;
			files = (
				C8F4466618699F1F00F4F784 /* Cocoa.framework in Frameworks */,
				C8F4466518699F1F00F4F784 /* XCTest.framework in Frameworks */,
			);
			runOnlyForDeploymentPostprocessing = 0;
		};
/* End PBXFrameworksBuildPhase section */

/* Begin PBXGroup section */
		C8F4463918699F1F00F4F784 = {
			isa = PBXGroup;
			children = (
				C8F4464B18699F1F00F4F784 /* test */,
				C8F4466918699F2000F4F784 /* testTests */,
				C8F4464418699F1F00F4F784 /* Frameworks */,
				C8F4464318699F1F00F4F784 /* Products */,
			);
			sourceTree = "<group>";
		};
		C8F4464318699F1F00F4F784 /* Products */ = {
			isa = PBXGroup;
			children = (
				C8F4464218699F1F00F4F784 /* test.app */,
				C8F4466318699F1F00F4F784 /* testTests.xctest */,
			);
			name = Products;
			sourceTree = "<group>";
		};
		C8F4464418699F1F00F4F784 /* Frameworks */ = {
			isa = PBXGroup;
			children = (
				C8F4464518699F1F00F4F784 /* Cocoa.framework */,
				C8F4466418699F1F00F4F784 /* XCTest.framework */,
				C8F4464718699F1F00F4F784 /* Other Frameworks */,
			);
			name = Frameworks;
			sourceTree = "<group>";
		};
		C8F4464718699F1F00F4F784 /* Other Frameworks */ = {
			isa = PBXGroup;
			children = (
				C8F4464818699F1F00F4F784 /* AppKit.framework */,
				C8F4464918699F1F00F4F784 /* CoreData.framework */,
				C8F4464A18699F1F00F4F784 /* Foundation.framework */,
			);
			name = "Other Frameworks";
			sourceTree = "<group>";
		};
		C8F4464B18699F1F00F4F784 /* test */ = {
			isa = PBXGroup;
			children = (
				C8F4465718699F1F00F4F784 /* AppDelegate.h */,
				C8F4465818699F1F00F4F784 /* AppDelegate.m */,
				C8F4465A18699F1F00F4F784 /* MainMenu.xib */,
				C8F4465D18699F1F00F4F784 /* Images.xcassets */,
				C8F4464C18699F1F00F4F784 /* Supporting Files */,
			);
			path = test;
			sourceTree = "<group>";
		};
		C8F4464C18699F1F00F4F784 /* Supporting Files */ = {
			isa = PBXGroup;
			children = (
				C8F4464D18699F1F00F4F784 /* test-Info.plist */,
				C8F4464E18699F1F00F4F784 /* InfoPlist.strings */,
				C8F4465118699F1F00F4F784 /* main.m */,
				C8F4465318699F1F00F4F784 /* test-Prefix.pch */,
				C8F4465418699F1F00F4F784 /* Credits.rtf */,
			);
			name = "Supporting Files";
			sourceTree = "<group>";
		};
		C8F4466918699F2000F4F784 /* testTests */ = {
			isa = PBXGroup;
			children = (
				C8F4466F18699F2000F4F784 /* testTests.m */,
				C8F4466A18699F2000F4F784 /* Supporting Files */,
			);
			path = testTests;
			sourceTree = "<group>";
		};
		C8F4466A18699F2000F4F784 /* Supporting Files */ = {
			isa = PBXGroup;
			children = (
				C8F4466B18699F2000F4F784 /* testTests-Info.plist */,
				C8F4466C18699F2000F4F784 /* InfoPlist.strings */,
			);
			name = "Supporting Files";
			sourceTree = "<group>";
		};
/* End PBXGroup section */

/* Begin PBXNativeTarget section */
		C8F4464118699F1F00F4F784 /* test */ = {
			isa = PBXNativeTarget;
			buildConfigurationList = C8F4467318699F2000F4F784 /* Build configuration list for PBXNativeTarget "test" */;
			buildPhases = (
				C8F4463E18699F1F00F4F784 /* Sources */,
				C8F4463F18699F1F00F4F784 /* Frameworks */,
				C8F4464018699F1F00F4F784 /* Resources */,
			);
			buildRules = (
			);
			dependencies = (
			);
			name = test;
			productName = test;
			productReference = C8F4464218699F1F00F4F784 /* test.app */;
			productType = "com.apple.product-type.application";
		};
		C8F4466218699F1F00F4F784 /* testTests */ = {
			isa = PBXNativeTarget;
			buildConfigurationList = C8F4467618699F2000F4F784 /* Build configuration list for PBXNativeTarget "testTests" */;
			buildPhases = (
				C8F4465F18699F1F00F4F784 /* Sources */,
				C8F4466018699F1F00F4F784 /* Frameworks */,
				C8F4466118699F1F00F4F784 /* Resources */,
			);
			buildRules = (
			);
			dependencies = (
				C8F4466818699F2000F4F784 /* PBXTargetDependency */,
			);
			name = testTests;
			productName = testTests;
			productReference = C8F4466318699F1F00F4F784 /* testTests.xctest */;
			productType = "com.apple.product-type.bundle.unit-test";
		};
/* End PBXNativeTarget section */

/* Begin PBXProject section */
		C8F4463A18699F1F00F4F784 /* Project object */ = {
			isa = PBXProject;
			attributes = {
				LastUpgradeCheck = 0500;
				ORGANIZATIONNAME = "qian shao";
				TargetAttributes = {
					C8F4466218699F1F00F4F784 = {
						TestTargetID = C8F4464118699F1F00F4F784;
					};
				};
			};
			buildConfigurationList = C8F4463D18699F1F00F4F784 /* Build configuration list for PBXProject "test" */;
			compatibilityVersion = "Xcode 3.2";
			developmentRegion = English;
			hasScannedForEncodings = 0;
			knownRegions = (
				en,
				Base,
			);
			mainGroup = C8F4463918699F1F00F4F784;
			productRefGroup = C8F4464318699F1F00F4F784 /* Products */;
			projectDirPath = "";
			projectRoot = "";
			targets = (
				C8F4464118699F1F00F4F784 /* test */,
				C8F4466218699F1F00F4F784 /* testTests */,
			);
		};
/* End PBXProject section */

/* Begin PBXResourcesBuildPhase section */
		C8F4464018699F1F00F4F784 /* Resources */ = {
			isa = PBXResourcesBuildPhase;
			buildActionMask = 2147483647;
			files = (
				C8F4465018699F1F00F4F784 /* InfoPlist.strings in Resources */,
				C8F4465E18699F1F00F4F784 /* Images.xcassets in Resources */,
				C8F4465618699F1F00F4F784 /* Credits.rtf in Resources */,
				C8F4465C18699F1F00F4F784 /* MainMenu.xib in Resources */,
			);
			runOnlyForDeploymentPostprocessing = 0;
		};
		C8F4466118699F1F00F4F784 /* Resources */ = {
			isa = PBXResourcesBuildPhase;
			buildActionMask = 2147483647;
			files = (
				C8F4466E18699F2000F4F784 /* InfoPlist.strings in Resources */,
			);
			runOnlyForDeploymentPostprocessing = 0;
		};
/* End PBXResourcesBuildPhase section */

/* Begin PBXSourcesBuildPhase section */
		C8F4463E18699F1F00F4F784 /* Sources */ = {
			isa = PBXSourcesBuildPhase;
			buildActionMask = 2147483647;
			files = (
				C8F4465918699F1F00F4F784 /* AppDelegate.m in Sources */,
				C8F4465218699F1F00F4F784 /* main.m in Sources */,
			);
			runOnlyForDeploymentPostprocessing = 0;
		};
		C8F4465F18699F1F00F4F784 /* Sources */ = {
			isa = PBXSourcesBuildPhase;
			buildActionMask = 2147483647;
			files = (
				C8F4467018699F2000F4F784 /* testTests.m in Sources */,
			);
			runOnlyForDeploymentPostprocessing = 0;
		};
/* End PBXSourcesBuildPhase section */

/* Begin PBXTargetDependency section */
		C8F4466818699F2000F4F784 /* PBXTargetDependency */ = {
			isa = PBXTargetDependency;
			target = C8F4464118699F1F00F4F784 /* test */;
			targetProxy = C8F4466718699F2000F4F784 /* PBXContainerItemProxy */;
		};
/* End PBXTargetDependency section */

/* Begin PBXVariantGroup section */
		C8F4464E18699F1F00F4F784 /* InfoPlist.strings */ = {
			isa = PBXVariantGroup;
			children = (
				C8F4464F18699F1F00F4F784 /* en */,
			);
			name = InfoPlist.strings;
			sourceTree = "<group>";
		};
		C8F4465418699F1F00F4F784 /* Credits.rtf */ = {
			isa = PBXVariantGroup;
			children = (
				C8F4465518699F1F00F4F784 /* en */,
			);
			name = Credits.rtf;
			sourceTree = "<group>";
		};
		C8F4465A18699F1F00F4F784 /* MainMenu.xib */ = {
			isa = PBXVariantGroup;
			children = (
				C8F4465B18699F1F00F4F784 /* Base */,
			);
			name = MainMenu.xib;
			sourceTree = "<group>";
		};
		C8F4466C18699F2000F4F784 /* InfoPlist.strings */ = {
			isa = PBXVariantGroup;
			children = (
				C8F4466D18699F2000F4F784 /* en */,
			);
			name = InfoPlist.strings;
			sourceTree = "<group>";
		};
/* End PBXVariantGroup section */

/* Begin XCBuildConfiguration section */
		C8F4467118699F2000F4F784 /* Debug */ = {
			isa = XCBuildConfiguration;
			buildSettings = {
				ALWAYS_SEARCH_USER_PATHS = NO;
				CLANG_CXX_LANGUAGE_STANDARD = "gnu++0x";
				CLANG_CXX_LIBRARY = "libc++";
				CLANG_ENABLE_OBJC_ARC = YES;
				CLANG_WARN_BOOL_CONVERSION = YES;
				CLANG_WARN_CONSTANT_CONVERSION = YES;
				CLANG_WARN_DIRECT_OBJC_ISA_USAGE = YES_ERROR;
				CLANG_WARN_EMPTY_BODY = YES;
				CLANG_WARN_ENUM_CONVERSION = YES;
				CLANG_WARN_INT_CONVERSION = YES;
				CLANG_WARN_OBJC_ROOT_CLASS = YES_ERROR;
				CLANG_WARN__DUPLICATE_METHOD_MATCH = YES;
				COPY_PHASE_STRIP = NO;
				GCC_C_LANGUAGE_STANDARD = gnu99;
				GCC_DYNAMIC_NO_PIC = NO;
				GCC_ENABLE_OBJC_EXCEPTIONS = YES;
				GCC_OPTIMIZATION_LEVEL = 0;
				GCC_PREPROCESSOR_DEFINITIONS = (
					"DEBUG=1",
					"$(inherited)",
				);
				GCC_SYMBOLS_PRIVATE_EXTERN = NO;
				GCC_WARN_64_TO_32_BIT_CONVERSION = YES;
				GCC_WARN_ABOUT_RETURN_TYPE = YES_ERROR;
				GCC_WARN_UNDECLARED_SELECTOR = YES;
				GCC_WARN_UNINITIALIZED_AUTOS = YES;
				GCC_WARN_UNUSED_FUNCTION = YES;
				GCC_WARN_UNUSED_VARIABLE = YES;
				MACOSX_DEPLOYMENT_TARGET = 10.9;
				ONLY_ACTIVE_ARCH = YES;
				SDKROOT = macosx;
			};
			name = Debug;
		};
		C8F4467218699F2000F4F784 /* Release */ = {
			isa = XCBuildConfiguration;
			buildSettings = {
				ALWAYS_SEARCH_USER_PATHS = NO;
				CLANG_CXX_LANGUAGE_STANDARD = "gnu++0x";
				CLANG_CXX_LIBRARY = "libc++";
				CLANG_ENABLE_OBJC_ARC = YES;
				CLANG_WARN_BOOL_CONVERSION = YES;
				CLANG_WARN_CONSTANT_CONVERSION = YES;
				CLANG_WARN_DIRECT_OBJC_ISA_USAGE = YES_ERROR;
				CLANG_WARN_EMPTY_BODY = YES;
				CLANG_WARN_ENUM_CONVERSION = YES;
				CLANG_WARN_INT_CONVERSION = YES;
				CLANG_WARN_OBJC_ROOT_CLASS = YES_ERROR;
				CLANG_WARN__DUPLICATE_METHOD_MATCH = YES;
				COPY_PHASE_STRIP = YES;
				DEBUG_INFORMATION_FORMAT = "dwarf-with-dsym";
				ENABLE_NS_ASSERTIONS = NO;
				GCC_C_LANGUAGE_STANDARD = gnu99;
				GCC_ENABLE_OBJC_EXCEPTIONS = YES;
				GCC_WARN_64_TO_32_BIT_CONVERSION = YES;
				GCC_WARN_ABOUT_RETURN_TYPE = YES_ERROR;
				GCC_WARN_UNDECLARED_SELECTOR = YES;
				GCC_WARN_UNINITIALIZED_AUTOS = YES;
				GCC_WARN_UNUSED_FUNCTION = YES;
				GCC_WARN_UNUSED_VARIABLE = YES;
				MACOSX_DEPLOYMENT_TARGET = 10.9;
				SDKROOT = macosx;
			};
			name = Release;
		};
		C8F4467418699F2000F4F784 /* Debug */ = {
			isa = XCBuildConfiguration;
			buildSettings = {
				ASSETCATALOG_COMPILER_APPICON_NAME = AppIcon;
				COMBINE_HIDPI_IMAGES = YES;
				GCC_PRECOMPILE_PREFIX_HEADER = YES;
				GCC_PREFIX_HEADER = "test/test-Prefix.pch";
				INFOPLIST_FILE = "test/test-Info.plist";
				PRODUCT_NAME = "$(TARGET_NAME)";
				WRAPPER_EXTENSION = app;
			};
			name = Debug;
		};
		C8F4467518699F2000F4F784 /* Release */ = {
			isa = XCBuildConfiguration;
			buildSettings = {
				ASSETCATALOG_COMPILER_APPICON_NAME = AppIcon;
				COMBINE_HIDPI_IMAGES = YES;
				GCC_PRECOMPILE_PREFIX_HEADER = YES;
				GCC_PREFIX_HEADER = "test/test-Prefix.pch";
				INFOPLIST_FILE = "test/test-Info.plist";
				PRODUCT_NAME = "$(TARGET_NAME)";
				WRAPPER_EXTENSION = app;
			};
			name = Release;
		};
		C8F4467718699F2000F4F784 /* Debug */ = {
			isa = XCBuildConfiguration;
			buildSettings = {
				BUNDLE_LOADER = "$(BUILT_PRODUCTS_DIR)/test.app/Contents/MacOS/test";
				COMBINE_HIDPI_IMAGES = YES;
				FRAMEWORK_SEARCH_PATHS = (
					"$(DEVELOPER_FRAMEWORKS_DIR)",
					"$(inherited)",
				);
				GCC_PRECOMPILE_PREFIX_HEADER = YES;
				GCC_PREFIX_HEADER = "test/test-Prefix.pch";
				GCC_PREPROCESSOR_DEFINITIONS = (
					"DEBUG=1",
					"$(inherited)",
				);
				INFOPLIST_FILE = "testTests/testTests-Info.plist";
				PRODUCT_NAME = "$(TARGET_NAME)";
				TEST_HOST = "$(BUNDLE_LOADER)";
				WRAPPER_EXTENSION = xctest;
			};
			name = Debug;
		};
		C8F4467818699F2000F4F784 /* Release */ = {
			isa = XCBuildConfiguration;
			buildSettings = {
				BUNDLE_LOADER = "$(BUILT_PRODUCTS_DIR)/test.app/Contents/MacOS/test";
				COMBINE_HIDPI_IMAGES = YES;
				FRAMEWORK_SEARCH_PATHS = (
					"$(DEVELOPER_FRAMEWORKS_DIR)",
					"$(inherited)",
				);
				GCC_PRECOMPILE_PREFIX_HEADER = YES;
				GCC_PREFIX_HEADER = "test/test-Prefix.pch";
				INFOPLIST_FILE = "testTests/testTests-Info.plist";
				PRODUCT_NAME = "$(TARGET_NAME)";
				TEST_HOST = "$(BUNDLE_LOADER)";
				WRAPPER_EXTENSION = xctest;
			};
			name = Release;
		};
/* End XCBuildConfiguration section */

/* Begin XCConfigurationList section */
		C8F4463D18699F1F00F4F784 /* Build configuration list for PBXProject "test" */ = {
			isa = XCConfigurationList;
			buildConfigurations = (
				C8F4467118699F2000F4F784 /* Debug */,
				C8F4467218699F2000F4F784 /* Release */,
			);
			defaultConfigurationIsVisible = 0;
			defaultConfigurationName = Release;
		};
		C8F4467318699F2000F4F784 /* Build configuration list for PBXNativeTarget "test" */ = {
			isa = XCConfigurationList;
			buildConfigurations = (
				C8F4467418699F2000F4F784 /* Debug */,
				C8F4467518699F2000F4F784 /* Release */,
			);
			defaultConfigurationIsVisible = 0;
		};
		C8F4467618699F2000F4F784 /* Build configuration list for PBXNativeTarget "testTests" */ = {
			isa = XCConfigurationList;
			buildConfigurations = (
				C8F4467718699F2000F4F784 /* Debug */,
				C8F4467818699F2000F4F784 /* Release */,
			);
			defaultConfigurationIsVisible = 0;
		};
/* End XCConfigurationList section */
	};
	rootObject = C8F4463A18699F1F00F4F784 /* Project object */;
}
